
Microsoft Visual Studio Solution File, Format Version 12.00
# Visual Studio Version 16
VisualStudioVersion = 16.0.30717.126
MinimumVisualStudioVersion = 10.0.40219.1
Project("{9A19103F-16F7-4668-BE54-9A1E7A4F7556}") = "PaymentSystem", "PaymentSystem\PaymentSystem.csproj", "{23D3FC7C-E5A1-4186-998C-05F779623C67}"
EndProject
Project("{FAE04EC0-301F-11D3-BF4B-00C04F79EFBC}") = "PaymentSystem.Tests", "PaymentSystem.Tests\PaymentSystem.Tests.csproj", "{B4495859-0FC8-4B39-A122-650EB1D00AC7}"
EndProject
Global
	GlobalSection(SolutionConfigurationPlatforms) = preSolution
		Debug|Any CPU = Debug|Any CPU
		Release|Any CPU = Release|Any CPU
	EndGlobalSection
	GlobalSection(ProjectConfigurationPlatforms) = postSolution
		{23D3FC7C-E5A1-4186-998C-05F779623C67}.Debug|Any CPU.ActiveCfg = Debug|Any CPU
		{23D3FC7C-E5A1-4186-998C-05F779623C67}.Debug|Any CPU.Build.0 = Debug|Any CPU
		{23D3FC7C-E5A1-4186-998C-05F779623C67}.Release|Any CPU.ActiveCfg = Release|Any CPU
		{23D3FC7C-E5A1-4186-998C-05F779623C67}.Release|Any CPU.Build.0 = Release|Any CPU
		{B4495859-0FC8-4B39-A122-650EB1D00AC7}.Debug|Any CPU.ActiveCfg = Debug|Any CPU
		{B4495859-0FC8-4B39-A122-650EB1D00AC7}.Debug|Any CPU.Build.0 = Debug|Any CPU
		{B4495859-0FC8-4B39-A122-650EB1D00AC7}.Release|Any CPU.ActiveCfg = Release|Any CPU
		{B4495859-0FC8-4B39-A122-650EB1D00AC7}.Release|Any CPU.Build.0 = Release|Any CPU
	EndGlobalSection
	GlobalSection(SolutionProperties) = preSolution
		HideSolutionNode = FALSE
	EndGlobalSection
	GlobalSection(ExtensibilityGlobals) = postSolution
		SolutionGuid = {20BD0E6C-2C56-49A4-9E77-B5ABDE876D50}
	EndGlobalSection
EndGlobal
